
Microsoft Visual Studio Solution File, Format Version 12.00
# Visual Studio 15
VisualStudioVersion = 15.0.27703.2026
MinimumVisualStudioVersion = 10.0.40219.1
Project("{8BC9CEB8-8B4A-11D0-8D11-00A0C91BC942}") = "asm7", "asm7\asm7.vcxproj", "{FF57C879-C182-4EF6-BEA8-54593A0A54C1}"
EndProject
Global
	GlobalSection(SolutionConfigurationPlatforms) = preSolution
		Debug|x64 = Debug|x64
		Debug|x86 = Debug|x86
		Release|x64 = Release|x64
		Release|x86 = Release|x86
	EndGlobalSection
	GlobalSection(ProjectConfigurationPlatforms) = postSolution
		{FF57C879-C182-4EF6-BEA8-54593A0A54C1}.Debug|x64.ActiveCfg = Debug|x64
		{FF57C879-C182-4EF6-BEA8-54593A0A54C1}.Debug|x64.Build.0 = Debug|x64
		{FF57C879-C182-4EF6-BEA8-54593A0A54C1}.Debug|x86.ActiveCfg = Debug|Win32
		{FF57C879-C182-4EF6-BEA8-54593A0A54C1}.Debug|x86.Build.0 = Debug|Win32
		{FF57C879-C182-4EF6-BEA8-54593A0A54C1}.Release|x64.ActiveCfg = Release|x64
		{FF57C879-C182-4EF6-BEA8-54593A0A54C1}.Release|x64.Build.0 = Release|x64
		{FF57C879-C182-4EF6-BEA8-54593A0A54C1}.Release|x86.ActiveCfg = Release|Win32
		{FF57C879-C182-4EF6-BEA8-54593A0A54C1}.Release|x86.Build.0 = Release|Win32
	EndGlobalSection
	GlobalSection(SolutionProperties) = preSolution
		HideSolutionNode = FALSE
	EndGlobalSection
	GlobalSection(ExtensibilityGlobals) = postSolution
		SolutionGuid = {01934F2E-48FC-4B9C-B6AA-78358DB7D761}
	EndGlobalSection
EndGlobal
